PODS:
  - Mach1SpatialAPI (0.1.24)

DEPENDENCIES:
  - Mach1SpatialAPI (from `../../`)

EXTERNAL SOURCES:
  Mach1SpatialAPI:
    :path: "../../"

SPEC CHECKSUMS:
  Mach1SpatialAPI: ad3e76a3db636c7e84eac4ca624cea615ba2770b

PODFILE CHECKSUM: a407f16067313855878923abef86fa40a643b8f9

COCOAPODS: 1.10.1
